
Microsoft Visual Studio Solution File, Format Version 12.00
# Visual Studio 14
VisualStudioVersion = 14.0.24720.0
MinimumVisualStudioVersion = 10.0.40219.1
Project("{FAE04EC0-301F-11D3-BF4B-00C04F79EFBC}") = "Draw4Fun - client", "Draw4Fun - client\Draw4Fun - client.csproj", "{92471901-0E1A-4287-AEB0-C7E67914AE9D}"
EndProject
Project("{FAE04EC0-301F-11D3-BF4B-00C04F79EFBC}") = "Server", "Server\Server.csproj", "{08E88C02-2A5D-4E22-94D6-FAA56ECB0B69}"
EndProject
Project("{FAE04EC0-301F-11D3-BF4B-00C04F79EFBC}") = "ServerData", "ServerData\ServerData.csproj", "{5D09DB0C-DFD7-4E3C-982B-A67F9D1CAEB2}"
EndProject
Global
	GlobalSection(SolutionConfigurationPlatforms) = preSolution
		Debug|Any CPU = Debug|Any CPU
		Release|Any CPU = Release|Any CPU
	EndGlobalSection
	GlobalSection(ProjectConfigurationPlatforms) = postSolution
		{92471901-0E1A-4287-AEB0-C7E67914AE9D}.Debug|Any CPU.ActiveCfg = Debug|Any CPU
		{92471901-0E1A-4287-AEB0-C7E67914AE9D}.Debug|Any CPU.Build.0 = Debug|Any CPU
		{92471901-0E1A-4287-AEB0-C7E67914AE9D}.Release|Any CPU.ActiveCfg = Release|Any CPU
		{92471901-0E1A-4287-AEB0-C7E67914AE9D}.Release|Any CPU.Build.0 = Release|Any CPU
		{08E88C02-2A5D-4E22-94D6-FAA56ECB0B69}.Debug|Any CPU.ActiveCfg = Debug|Any CPU
		{08E88C02-2A5D-4E22-94D6-FAA56ECB0B69}.Debug|Any CPU.Build.0 = Debug|Any CPU
		{08E88C02-2A5D-4E22-94D6-FAA56ECB0B69}.Release|Any CPU.ActiveCfg = Release|Any CPU
		{08E88C02-2A5D-4E22-94D6-FAA56ECB0B69}.Release|Any CPU.Build.0 = Release|Any CPU
		{5D09DB0C-DFD7-4E3C-982B-A67F9D1CAEB2}.Debug|Any CPU.ActiveCfg = Debug|Any CPU
		{5D09DB0C-DFD7-4E3C-982B-A67F9D1CAEB2}.Debug|Any CPU.Build.0 = Debug|Any CPU
		{5D09DB0C-DFD7-4E3C-982B-A67F9D1CAEB2}.Release|Any CPU.ActiveCfg = Release|Any CPU
		{5D09DB0C-DFD7-4E3C-982B-A67F9D1CAEB2}.Release|Any CPU.Build.0 = Release|Any CPU
	EndGlobalSection
	GlobalSection(SolutionProperties) = preSolution
		HideSolutionNode = FALSE
	EndGlobalSection
EndGlobal
